Microsoft Visual Studio Solution File, Format Version 12.00
# Visual Studio Version 17
VisualStudioVersion = 17.5.2.0
MinimumVisualStudioVersion = 10.0.40219.1
Project("{FAE04EC0-301F-11D3-BF4B-00C04F79EFBC}") = "BarberTime", "BarberTime\BarberTime.csproj", "{437D3687-540E-68AC-CA61-0DCAC663DBB4}"
EndProject
Global
	GlobalSection(SolutionConfigurationPlatforms) = preSolution
		Debug|Any CPU = Debug|Any CPU
		Release|Any CPU = Release|Any CPU
	EndGlobalSection
	GlobalSection(ProjectConfigurationPlatforms) = postSolution
		{437D3687-540E-68AC-CA61-0DCAC663DBB4}.Debug|Any CPU.ActiveCfg = Debug|Any CPU
		{437D3687-540E-68AC-CA61-0DCAC663DBB4}.Debug|Any CPU.Build.0 = Debug|Any CPU
		{437D3687-540E-68AC-CA61-0DCAC663DBB4}.Release|Any CPU.ActiveCfg = Release|Any CPU
		{437D3687-540E-68AC-CA61-0DCAC663DBB4}.Release|Any CPU.Build.0 = Release|Any CPU
	EndGlobalSection
	GlobalSection(SolutionProperties) = preSolution
		HideSolutionNode = FALSE
	EndGlobalSection
	GlobalSection(ExtensibilityGlobals) = postSolution
		SolutionGuid = {462577B1-B16D-4AC0-9AE8-02152EED94FB}
	EndGlobalSection
EndGlobal
